
Microsoft Visual Studio Solution File, Format Version 11.00
# Visual Studio 2010
Project("{FAE04EC0-301F-11D3-BF4B-00C04F79EFBC}") = "New Unity Projectprac", "Assembly-CSharp.csproj", "{19B187B7-473A-1BB2-3182-B5C3D7A448C8}"
EndProject
Project("{FAE04EC0-301F-11D3-BF4B-00C04F79EFBC}") = "New Unity Projectprac", "Assembly-CSharp-firstpass.csproj", "{84AA4253-CD70-7579-A4BD-8398792ED06F}"
EndProject
Project("{FAE04EC0-301F-11D3-BF4B-00C04F79EFBC}") = "New Unity Projectprac", "Assembly-CSharp-Editor-firstpass.csproj", "{DA7230E1-0AB4-AF52-991D-0E9B91A8A423}"
EndProject
Project("{FAE04EC0-301F-11D3-BF4B-00C04F79EFBC}") = "New Unity Projectprac", "Assembly-CSharp-Editor.csproj", "{E307F718-E601-4992-FA1E-93B982C5B490}"
EndProject
Global
	GlobalSection(SolutionConfigurationPlatforms) = preSolution
		Debug|Any CPU = Debug|Any CPU
		Release|Any CPU = Release|Any CPU
	EndGlobalSection
	GlobalSection(ProjectConfigurationPlatforms) = postSolution
		{19B187B7-473A-1BB2-3182-B5C3D7A448C8}.Debug|Any CPU.ActiveCfg = Debug|Any CPU
		{19B187B7-473A-1BB2-3182-B5C3D7A448C8}.Debug|Any CPU.Build.0 = Debug|Any CPU
		{19B187B7-473A-1BB2-3182-B5C3D7A448C8}.Release|Any CPU.ActiveCfg = Release|Any CPU
		{19B187B7-473A-1BB2-3182-B5C3D7A448C8}.Release|Any CPU.Build.0 = Release|Any CPU
		{84AA4253-CD70-7579-A4BD-8398792ED06F}.Debug|Any CPU.ActiveCfg = Debug|Any CPU
		{84AA4253-CD70-7579-A4BD-8398792ED06F}.Debug|Any CPU.Build.0 = Debug|Any CPU
		{84AA4253-CD70-7579-A4BD-8398792ED06F}.Release|Any CPU.ActiveCfg = Release|Any CPU
		{84AA4253-CD70-7579-A4BD-8398792ED06F}.Release|Any CPU.Build.0 = Release|Any CPU
		{DA7230E1-0AB4-AF52-991D-0E9B91A8A423}.Debug|Any CPU.ActiveCfg = Debug|Any CPU
		{DA7230E1-0AB4-AF52-991D-0E9B91A8A423}.Debug|Any CPU.Build.0 = Debug|Any CPU
		{DA7230E1-0AB4-AF52-991D-0E9B91A8A423}.Release|Any CPU.ActiveCfg = Release|Any CPU
		{DA7230E1-0AB4-AF52-991D-0E9B91A8A423}.Release|Any CPU.Build.0 = Release|Any CPU
		{E307F718-E601-4992-FA1E-93B982C5B490}.Debug|Any CPU.ActiveCfg = Debug|Any CPU
		{E307F718-E601-4992-FA1E-93B982C5B490}.Debug|Any CPU.Build.0 = Debug|Any CPU
		{E307F718-E601-4992-FA1E-93B982C5B490}.Release|Any CPU.ActiveCfg = Release|Any CPU
		{E307F718-E601-4992-FA1E-93B982C5B490}.Release|Any CPU.Build.0 = Release|Any CPU
	EndGlobalSection
	GlobalSection(SolutionProperties) = preSolution
		HideSolutionNode = FALSE
	EndGlobalSection
	GlobalSection(MonoDevelopProperties) = preSolution
		StartupItem = Assembly-CSharp.csproj
	EndGlobalSection
EndGlobal
